
Microsoft Visual Studio Solution File, Format Version 12.00
# Visual Studio Version 17
VisualStudioVersion = 17.10.34916.146
MinimumVisualStudioVersion = 10.0.40219.1
Project("{FAE04EC0-301F-11D3-BF4B-00C04F79EFBC}") = "ProvaH1", "ProvaH1\ProvaH1.csproj", "{584E4316-913E-4DAA-8B2D-F453985F4815}"
EndProject
Global
	GlobalSection(SolutionConfigurationPlatforms) = preSolution
		Debug|Any CPU = Debug|Any CPU
		Release|Any CPU = Release|Any CPU
	EndGlobalSection
	GlobalSection(ProjectConfigurationPlatforms) = postSolution
		{584E4316-913E-4DAA-8B2D-F453985F4815}.Debug|Any CPU.ActiveCfg = Debug|Any CPU
		{584E4316-913E-4DAA-8B2D-F453985F4815}.Debug|Any CPU.Build.0 = Debug|Any CPU
		{584E4316-913E-4DAA-8B2D-F453985F4815}.Release|Any CPU.ActiveCfg = Release|Any CPU
		{584E4316-913E-4DAA-8B2D-F453985F4815}.Release|Any CPU.Build.0 = Release|Any CPU
	EndGlobalSection
	GlobalSection(SolutionProperties) = preSolution
		HideSolutionNode = FALSE
	EndGlobalSection
	GlobalSection(ExtensibilityGlobals) = postSolution
		SolutionGuid = {26CE1AEF-FC3B-4E86-8325-D12116400834}
	EndGlobalSection
EndGlobal
